hash: 7bcf699ccf1982abc58185c148710f6fd32677ae091840192ba2b07df0f4e3b0
updated: 2017-05-25T01:26:56.0151503+09:00
imports:
- name: github.com/google/go-querystring
  version: 53e6ce116135b80d037921a7fdd5138cf32d7a8a
  subpackages:
  - query
- name: github.com/xanzy/go-gitlab
  version: 5b756e2fdc9f21fd4791fa1453b8fe01af0f82e2
testImports: []
